
Microsoft Visual Studio Solution File, Format Version 12.00
# Visual Studio Version 17
VisualStudioVersion = 17.6.33829.357
MinimumVisualStudioVersion = 10.0.40219.1
Project("{9A19103F-16F7-4668-BE54-9A1E7A4F7556}") = "CKK.Logic", "CKK.Logic\CKK.Logic.csproj", "{1844129B-EE8C-4E36-B2D2-1CA575017FF8}"
EndProject
Project("{9A19103F-16F7-4668-BE54-9A1E7A4F7556}") = "CKK.UI", "CKK.UI\CKK.UI.csproj", "{1FB1E4C6-9476-4CE3-A7CC-9DE3E6CFA7D9}"
	ProjectSection(ProjectDependencies) = postProject
		{1844129B-EE8C-4E36-B2D2-1CA575017FF8} = {1844129B-EE8C-4E36-B2D2-1CA575017FF8}
		{2D4C7A13-BC37-4E29-83AB-89A4AF3D0322} = {2D4C7A13-BC37-4E29-83AB-89A4AF3D0322}
	EndProjectSection
EndProject
Project("{9A19103F-16F7-4668-BE54-9A1E7A4F7556}") = "CKK.Persistence", "CKK.Persistence\CKK.Persistence.csproj", "{2D4C7A13-BC37-4E29-83AB-89A4AF3D0322}"
EndProject
Project("{2150E333-8FDC-42A3-9474-1A3956D46DE8}") = "Solution Items", "Solution Items", "{B4383B7F-B081-4739-917D-B82AE9B61589}"
	ProjectSection(SolutionItems) = preProject
		.editorconfig = .editorconfig
	EndProjectSection
EndProject
Global
	GlobalSection(SolutionConfigurationPlatforms) = preSolution
		Debug|Any CPU = Debug|Any CPU
		Debug|ARM = Debug|ARM
		Debug|ARM64 = Debug|ARM64
		Debug|x64 = Debug|x64
		Debug|x86 = Debug|x86
		Release|Any CPU = Release|Any CPU
		Release|ARM = Release|ARM
		Release|ARM64 = Release|ARM64
		Release|x64 = Release|x64
		Release|x86 = Release|x86
	EndGlobalSection
	GlobalSection(ProjectConfigurationPlatforms) = postSolution
		{1844129B-EE8C-4E36-B2D2-1CA575017FF8}.Debug|Any CPU.ActiveCfg = Debug|Any CPU
		{1844129B-EE8C-4E36-B2D2-1CA575017FF8}.Debug|Any CPU.Build.0 = Debug|Any CPU
		{1844129B-EE8C-4E36-B2D2-1CA575017FF8}.Debug|ARM.ActiveCfg = Debug|Any CPU
		{1844129B-EE8C-4E36-B2D2-1CA575017FF8}.Debug|ARM.Build.0 = Debug|Any CPU
		{1844129B-EE8C-4E36-B2D2-1CA575017FF8}.Debug|ARM64.ActiveCfg = Debug|Any CPU
		{1844129B-EE8C-4E36-B2D2-1CA575017FF8}.Debug|ARM64.Build.0 = Debug|Any CPU
		{1844129B-EE8C-4E36-B2D2-1CA575017FF8}.Debug|x64.ActiveCfg = Debug|Any CPU
		{1844129B-EE8C-4E36-B2D2-1CA575017FF8}.Debug|x64.Build.0 = Debug|Any CPU
		{1844129B-EE8C-4E36-B2D2-1CA575017FF8}.Debug|x86.ActiveCfg = Debug|Any CPU
		{1844129B-EE8C-4E36-B2D2-1CA575017FF8}.Debug|x86.Build.0 = Debug|Any CPU
		{1844129B-EE8C-4E36-B2D2-1CA575017FF8}.Release|Any CPU.ActiveCfg = Release|Any CPU
		{1844129B-EE8C-4E36-B2D2-1CA575017FF8}.Release|Any CPU.Build.0 = Release|Any CPU
		{1844129B-EE8C-4E36-B2D2-1CA575017FF8}.Release|ARM.ActiveCfg = Release|Any CPU
		{1844129B-EE8C-4E36-B2D2-1CA575017FF8}.Release|ARM.Build.0 = Release|Any CPU
		{1844129B-EE8C-4E36-B2D2-1CA575017FF8}.Release|ARM64.ActiveCfg = Release|Any CPU
		{1844129B-EE8C-4E36-B2D2-1CA575017FF8}.Release|ARM64.Build.0 = Release|Any CPU
		{1844129B-EE8C-4E36-B2D2-1CA575017FF8}.Release|x64.ActiveCfg = Release|Any CPU
		{1844129B-EE8C-4E36-B2D2-1CA575017FF8}.Release|x64.Build.0 = Release|Any CPU
		{1844129B-EE8C-4E36-B2D2-1CA575017FF8}.Release|x86.ActiveCfg = Release|Any CPU
		{1844129B-EE8C-4E36-B2D2-1CA575017FF8}.Release|x86.Build.0 = Release|Any CPU
		{1FB1E4C6-9476-4CE3-A7CC-9DE3E6CFA7D9}.Debug|Any CPU.ActiveCfg = Debug|Any CPU
		{1FB1E4C6-9476-4CE3-A7CC-9DE3E6CFA7D9}.Debug|Any CPU.Build.0 = Debug|Any CPU
		{1FB1E4C6-9476-4CE3-A7CC-9DE3E6CFA7D9}.Debug|ARM.ActiveCfg = Debug|Any CPU
		{1FB1E4C6-9476-4CE3-A7CC-9DE3E6CFA7D9}.Debug|ARM.Build.0 = Debug|Any CPU
		{1FB1E4C6-9476-4CE3-A7CC-9DE3E6CFA7D9}.Debug|ARM64.ActiveCfg = Debug|Any CPU
		{1FB1E4C6-9476-4CE3-A7CC-9DE3E6CFA7D9}.Debug|ARM64.Build.0 = Debug|Any CPU
		{1FB1E4C6-9476-4CE3-A7CC-9DE3E6CFA7D9}.Debug|x64.ActiveCfg = Debug|Any CPU
		{1FB1E4C6-9476-4CE3-A7CC-9DE3E6CFA7D9}.Debug|x64.Build.0 = Debug|Any CPU
		{1FB1E4C6-9476-4CE3-A7CC-9DE3E6CFA7D9}.Debug|x86.ActiveCfg = Debug|Any CPU
		{1FB1E4C6-9476-4CE3-A7CC-9DE3E6CFA7D9}.Debug|x86.Build.0 = Debug|Any CPU
		{1FB1E4C6-9476-4CE3-A7CC-9DE3E6CFA7D9}.Release|Any CPU.ActiveCfg = Release|Any CPU
		{1FB1E4C6-9476-4CE3-A7CC-9DE3E6CFA7D9}.Release|Any CPU.Build.0 = Release|Any CPU
		{1FB1E4C6-9476-4CE3-A7CC-9DE3E6CFA7D9}.Release|ARM.ActiveCfg = Release|Any CPU
		{1FB1E4C6-9476-4CE3-A7CC-9DE3E6CFA7D9}.Release|ARM.Build.0 = Release|Any CPU
		{1FB1E4C6-9476-4CE3-A7CC-9DE3E6CFA7D9}.Release|ARM64.ActiveCfg = Release|Any CPU
		{1FB1E4C6-9476-4CE3-A7CC-9DE3E6CFA7D9}.Release|ARM64.Build.0 = Release|Any CPU
		{1FB1E4C6-9476-4CE3-A7CC-9DE3E6CFA7D9}.Release|x64.ActiveCfg = Release|Any CPU
		{1FB1E4C6-9476-4CE3-A7CC-9DE3E6CFA7D9}.Release|x64.Build.0 = Release|Any CPU
		{1FB1E4C6-9476-4CE3-A7CC-9DE3E6CFA7D9}.Release|x86.ActiveCfg = Release|Any CPU
		{1FB1E4C6-9476-4CE3-A7CC-9DE3E6CFA7D9}.Release|x86.Build.0 = Release|Any CPU
		{2D4C7A13-BC37-4E29-83AB-89A4AF3D0322}.Debug|Any CPU.ActiveCfg = Debug|Any CPU
		{2D4C7A13-BC37-4E29-83AB-89A4AF3D0322}.Debug|Any CPU.Build.0 = Debug|Any CPU
		{2D4C7A13-BC37-4E29-83AB-89A4AF3D0322}.Debug|ARM.ActiveCfg = Debug|Any CPU
		{2D4C7A13-BC37-4E29-83AB-89A4AF3D0322}.Debug|ARM.Build.0 = Debug|Any CPU
		{2D4C7A13-BC37-4E29-83AB-89A4AF3D0322}.Debug|ARM64.ActiveCfg = Debug|Any CPU
		{2D4C7A13-BC37-4E29-83AB-89A4AF3D0322}.Debug|ARM64.Build.0 = Debug|Any CPU
		{2D4C7A13-BC37-4E29-83AB-89A4AF3D0322}.Debug|x64.ActiveCfg = Debug|Any CPU
		{2D4C7A13-BC37-4E29-83AB-89A4AF3D0322}.Debug|x64.Build.0 = Debug|Any CPU
		{2D4C7A13-BC37-4E29-83AB-89A4AF3D0322}.Debug|x86.ActiveCfg = Debug|Any CPU
		{2D4C7A13-BC37-4E29-83AB-89A4AF3D0322}.Debug|x86.Build.0 = Debug|Any CPU
		{2D4C7A13-BC37-4E29-83AB-89A4AF3D0322}.Release|Any CPU.ActiveCfg = Release|Any CPU
		{2D4C7A13-BC37-4E29-83AB-89A4AF3D0322}.Release|Any CPU.Build.0 = Release|Any CPU
		{2D4C7A13-BC37-4E29-83AB-89A4AF3D0322}.Release|ARM.ActiveCfg = Release|Any CPU
		{2D4C7A13-BC37-4E29-83AB-89A4AF3D0322}.Release|ARM.Build.0 = Release|Any CPU
		{2D4C7A13-BC37-4E29-83AB-89A4AF3D0322}.Release|ARM64.ActiveCfg = Release|Any CPU
		{2D4C7A13-BC37-4E29-83AB-89A4AF3D0322}.Release|ARM64.Build.0 = Release|Any CPU
		{2D4C7A13-BC37-4E29-83AB-89A4AF3D0322}.Release|x64.ActiveCfg = Release|Any CPU
		{2D4C7A13-BC37-4E29-83AB-89A4AF3D0322}.Release|x64.Build.0 = Release|Any CPU
		{2D4C7A13-BC37-4E29-83AB-89A4AF3D0322}.Release|x86.ActiveCfg = Release|Any CPU
		{2D4C7A13-BC37-4E29-83AB-89A4AF3D0322}.Release|x86.Build.0 = Release|Any CPU
	EndGlobalSection
	GlobalSection(SolutionProperties) = preSolution
		HideSolutionNode = FALSE
	EndGlobalSection
	GlobalSection(ExtensibilityGlobals) = postSolution
		SolutionGuid = {838C7E04-A797-4D66-9E94-DAFF10A34030}
	EndGlobalSection
EndGlobal
